
Microsoft Visual Studio Solution File, Format Version 12.00
# Visual Studio Version 17
VisualStudioVersion = 17.5.33516.290
MinimumVisualStudioVersion = 10.0.40219.1
Project("{FAE04EC0-301F-11D3-BF4B-00C04F79EFBC}") = "Star Wars Starfighter TEX", "Star Wars Starfighter TEX.csproj", "{BF26F682-33D8-4CF6-894B-3E1CC362C1C5}"
EndProject
Global
	GlobalSection(SolutionConfigurationPlatforms) = preSolution
		Debug|Any CPU = Debug|Any CPU
		Release|Any CPU = Release|Any CPU
	EndGlobalSection
	GlobalSection(ProjectConfigurationPlatforms) = postSolution
		{BF26F682-33D8-4CF6-894B-3E1CC362C1C5}.Debug|Any CPU.ActiveCfg = Debug|Any CPU
		{BF26F682-33D8-4CF6-894B-3E1CC362C1C5}.Debug|Any CPU.Build.0 = Debug|Any CPU
		{BF26F682-33D8-4CF6-894B-3E1CC362C1C5}.Release|Any CPU.ActiveCfg = Release|Any CPU
		{BF26F682-33D8-4CF6-894B-3E1CC362C1C5}.Release|Any CPU.Build.0 = Release|Any CPU
	EndGlobalSection
	GlobalSection(SolutionProperties) = preSolution
		HideSolutionNode = FALSE
	EndGlobalSection
	GlobalSection(ExtensibilityGlobals) = postSolution
		SolutionGuid = {530E4707-1BC8-4F00-82ED-6F6314A1E8D3}
	EndGlobalSection
EndGlobal
